
Microsoft Visual Studio Solution File, Format Version 12.00
# Visual Studio 15
VisualStudioVersion = 15.0.28307.168
MinimumVisualStudioVersion = 10.0.40219.1
Project("{FAE04EC0-301F-11D3-BF4B-00C04F79EFBC}") = "XamFormsTest.Android", "XamFormsTest\XamFormsTest.Android\XamFormsTest.Android.csproj", "{B69856C5-B299-44ED-A272-2A8E645A0C02}"
EndProject
Project("{FAE04EC0-301F-11D3-BF4B-00C04F79EFBC}") = "XamFormsTest", "XamFormsTest\XamFormsTest\XamFormsTest.csproj", "{F3B5B00C-5560-4A1B-AF0B-89720148D4B2}"
EndProject
Global
	GlobalSection(SolutionConfigurationPlatforms) = preSolution
		Debug|Any CPU = Debug|Any CPU
		Release|Any CPU = Release|Any CPU
	EndGlobalSection
	GlobalSection(ProjectConfigurationPlatforms) = postSolution
		{B69856C5-B299-44ED-A272-2A8E645A0C02}.Debug|Any CPU.ActiveCfg = Debug|Any CPU
		{B69856C5-B299-44ED-A272-2A8E645A0C02}.Debug|Any CPU.Build.0 = Debug|Any CPU
		{B69856C5-B299-44ED-A272-2A8E645A0C02}.Debug|Any CPU.Deploy.0 = Debug|Any CPU
		{B69856C5-B299-44ED-A272-2A8E645A0C02}.Release|Any CPU.ActiveCfg = Release|Any CPU
		{B69856C5-B299-44ED-A272-2A8E645A0C02}.Release|Any CPU.Build.0 = Release|Any CPU
		{B69856C5-B299-44ED-A272-2A8E645A0C02}.Release|Any CPU.Deploy.0 = Release|Any CPU
		{F3B5B00C-5560-4A1B-AF0B-89720148D4B2}.Debug|Any CPU.ActiveCfg = Debug|Any CPU
		{F3B5B00C-5560-4A1B-AF0B-89720148D4B2}.Debug|Any CPU.Build.0 = Debug|Any CPU
		{F3B5B00C-5560-4A1B-AF0B-89720148D4B2}.Release|Any CPU.ActiveCfg = Release|Any CPU
		{F3B5B00C-5560-4A1B-AF0B-89720148D4B2}.Release|Any CPU.Build.0 = Release|Any CPU
	EndGlobalSection
	GlobalSection(SolutionProperties) = preSolution
		HideSolutionNode = FALSE
	EndGlobalSection
	GlobalSection(ExtensibilityGlobals) = postSolution
		SolutionGuid = {9C339CFE-F77B-4BCA-94CC-D8229B84988E}
	EndGlobalSection
EndGlobal
